
Microsoft Visual Studio Solution File, Format Version 12.00
# Visual Studio Version 17
VisualStudioVersion = 17.13.35828.75
MinimumVisualStudioVersion = 10.0.40219.1
Project("{2150E333-8FDC-42A3-9474-1A3956D46DE8}") = "1-Apresentação", "1-Apresentação", "{02EA681E-C7D8-13C7-8484-4AC65E1B71E8}"
EndProject
Project("{2150E333-8FDC-42A3-9474-1A3956D46DE8}") = "2-Domínio", "2-Domínio", "{4C22CFAD-28C9-4FE5-B869-C84718F0204A}"
EndProject
Project("{2150E333-8FDC-42A3-9474-1A3956D46DE8}") = "3-infraestrutura", "3-infraestrutura", "{FC4EFBB5-CE48-416E-99F3-0C55F33EE5BB}"
EndProject
Project("{FAE04EC0-301F-11D3-BF4B-00C04F79EFBC}") = "ControleDeMedicamentos.Dominio", "ControleDeMedicamentos.Dominio\ControleDeMedicamentos.Dominio.csproj", "{041C235F-D598-4B3D-9AB0-DC33E55A3346}"
EndProject
Project("{FAE04EC0-301F-11D3-BF4B-00C04F79EFBC}") = "ControleDeMedicamentos.WebApp", "ControleDeMedicamentos.WebApp\ControleDeMedicamentos.WebApp.csproj", "{F3AD62B2-E1DC-4C3A-A420-8E9285608CC2}"
EndProject
Project("{FAE04EC0-301F-11D3-BF4B-00C04F79EFBC}") = "ControleDeMedicamentos.Infraestrutura.Arquivo", "ControleDeMedicamentos.Infraestrutura.Arquivo\ControleDeMedicamentos.Infraestrutura.Arquivo.csproj", "{9EFD0CC0-33D0-4FBD-B970-64E1D90A7543}"
EndProject
Project("{00D1A9C2-B5F0-4AF3-8072-F6C62B433612}") = "ControleDeMedicamentos.Util.SqlProject", "ControleDeMedicamentos.Util.SqlProject\ControleDeMedicamentos.Util.SqlProject.sqlproj", "{06FDB929-BA09-4157-9B4C-D87785E5910B}"
EndProject
Project("{2150E333-8FDC-42A3-9474-1A3956D46DE8}") = "4-Utilidade", "4-Utilidade", "{08542960-50C9-4D92-92D3-F4122D8EAF51}"
EndProject
Global
	GlobalSection(SolutionConfigurationPlatforms) = preSolution
		Debug|Any CPU = Debug|Any CPU
		Release|Any CPU = Release|Any CPU
	EndGlobalSection
	GlobalSection(ProjectConfigurationPlatforms) = postSolution
		{041C235F-D598-4B3D-9AB0-DC33E55A3346}.Debug|Any CPU.ActiveCfg = Debug|Any CPU
		{041C235F-D598-4B3D-9AB0-DC33E55A3346}.Debug|Any CPU.Build.0 = Debug|Any CPU
		{041C235F-D598-4B3D-9AB0-DC33E55A3346}.Release|Any CPU.ActiveCfg = Release|Any CPU
		{041C235F-D598-4B3D-9AB0-DC33E55A3346}.Release|Any CPU.Build.0 = Release|Any CPU
		{F3AD62B2-E1DC-4C3A-A420-8E9285608CC2}.Debug|Any CPU.ActiveCfg = Debug|Any CPU
		{F3AD62B2-E1DC-4C3A-A420-8E9285608CC2}.Debug|Any CPU.Build.0 = Debug|Any CPU
		{F3AD62B2-E1DC-4C3A-A420-8E9285608CC2}.Release|Any CPU.ActiveCfg = Release|Any CPU
		{F3AD62B2-E1DC-4C3A-A420-8E9285608CC2}.Release|Any CPU.Build.0 = Release|Any CPU
		{9EFD0CC0-33D0-4FBD-B970-64E1D90A7543}.Debug|Any CPU.ActiveCfg = Debug|Any CPU
		{9EFD0CC0-33D0-4FBD-B970-64E1D90A7543}.Debug|Any CPU.Build.0 = Debug|Any CPU
		{9EFD0CC0-33D0-4FBD-B970-64E1D90A7543}.Release|Any CPU.ActiveCfg = Release|Any CPU
		{9EFD0CC0-33D0-4FBD-B970-64E1D90A7543}.Release|Any CPU.Build.0 = Release|Any CPU
		{06FDB929-BA09-4157-9B4C-D87785E5910B}.Debug|Any CPU.ActiveCfg = Debug|Any CPU
		{06FDB929-BA09-4157-9B4C-D87785E5910B}.Debug|Any CPU.Build.0 = Debug|Any CPU
		{06FDB929-BA09-4157-9B4C-D87785E5910B}.Debug|Any CPU.Deploy.0 = Debug|Any CPU
		{06FDB929-BA09-4157-9B4C-D87785E5910B}.Release|Any CPU.ActiveCfg = Release|Any CPU
		{06FDB929-BA09-4157-9B4C-D87785E5910B}.Release|Any CPU.Build.0 = Release|Any CPU
		{06FDB929-BA09-4157-9B4C-D87785E5910B}.Release|Any CPU.Deploy.0 = Release|Any CPU
	EndGlobalSection
	GlobalSection(SolutionProperties) = preSolution
		HideSolutionNode = FALSE
	EndGlobalSection
	GlobalSection(NestedProjects) = preSolution
		{041C235F-D598-4B3D-9AB0-DC33E55A3346} = {4C22CFAD-28C9-4FE5-B869-C84718F0204A}
		{F3AD62B2-E1DC-4C3A-A420-8E9285608CC2} = {02EA681E-C7D8-13C7-8484-4AC65E1B71E8}
		{9EFD0CC0-33D0-4FBD-B970-64E1D90A7543} = {FC4EFBB5-CE48-416E-99F3-0C55F33EE5BB}
		{06FDB929-BA09-4157-9B4C-D87785E5910B} = {08542960-50C9-4D92-92D3-F4122D8EAF51}
	EndGlobalSection
	GlobalSection(ExtensibilityGlobals) = postSolution
		SolutionGuid = {5FE1D9CC-7D10-4292-82AA-9ADAEAB5DF48}
	EndGlobalSection
EndGlobal
